
Microsoft Visual Studio Solution File, Format Version 12.00
# Visual Studio Version 17
VisualStudioVersion = 17.11.35222.181
MinimumVisualStudioVersion = 10.0.40219.1
Project("{FAE04EC0-301F-11D3-BF4B-00C04F79EFBC}") = "GameSearchApi", "GameSearchApi\GameSearchApi.csproj", "{91FF3D85-6A18-48C0-9536-9254697A95F3}"
EndProject
Global
	GlobalSection(SolutionConfigurationPlatforms) = preSolution
		Debug|Any CPU = Debug|Any CPU
		Release|Any CPU = Release|Any CPU
	EndGlobalSection
	GlobalSection(ProjectConfigurationPlatforms) = postSolution
		{91FF3D85-6A18-48C0-9536-9254697A95F3}.Debug|Any CPU.ActiveCfg = Debug|Any CPU
		{91FF3D85-6A18-48C0-9536-9254697A95F3}.Debug|Any CPU.Build.0 = Debug|Any CPU
		{91FF3D85-6A18-48C0-9536-9254697A95F3}.Release|Any CPU.ActiveCfg = Release|Any CPU
		{91FF3D85-6A18-48C0-9536-9254697A95F3}.Release|Any CPU.Build.0 = Release|Any CPU
	EndGlobalSection
	GlobalSection(SolutionProperties) = preSolution
		HideSolutionNode = FALSE
	EndGlobalSection
	GlobalSection(ExtensibilityGlobals) = postSolution
		SolutionGuid = {65994651-3F53-40C7-9034-F5C7C7BF53C5}
	EndGlobalSection
EndGlobal
